
Microsoft Visual Studio Solution File, Format Version 12.00
# Visual Studio Version 17
VisualStudioVersion = 17.12.35707.178 d17.12
MinimumVisualStudioVersion = 10.0.40219.1
Project("{2150E333-8FDC-42A3-9474-1A3956D46DE8}") = "Shop", "Shop", "{CC6C896B-B704-4755-A481-601C5AB50DF7}"
EndProject
Project("{FAE04EC0-301F-11D3-BF4B-00C04F79EFBC}") = "Shop.Domain", "Shop\Shop.Domain\Shop.Domain.csproj", "{AF387F84-4613-48F9-8A5E-E73B95687D57}"
EndProject
Project("{FAE04EC0-301F-11D3-BF4B-00C04F79EFBC}") = "Shop.Application", "Shop\Shop.Application\Shop.Application.csproj", "{D0673BAF-8C7B-4731-B34C-0031DD80F2E0}"
EndProject
Project("{FAE04EC0-301F-11D3-BF4B-00C04F79EFBC}") = "Shop.Infrastructure", "Shop\Shop.Infrastructure\Shop.Infrastructure.csproj", "{226F14F9-D8C2-43DF-9AC2-B5C89EC2B397}"
EndProject
Project("{FAE04EC0-301F-11D3-BF4B-00C04F79EFBC}") = "Shop.Query", "Shop\Shop.Query\Shop.Query.csproj", "{E7F4EC3E-D1EC-4260-B1F4-C56F0CC54199}"
EndProject
Project("{FAE04EC0-301F-11D3-BF4B-00C04F79EFBC}") = "Shop.Presentation.Facada", "Shop\Shop.Presentation.Facada\Shop.Presentation.Facada.csproj", "{464DD84C-02BD-447B-A5B2-AE3C4DD1067C}"
EndProject
Project("{2150E333-8FDC-42A3-9474-1A3956D46DE8}") = "Common", "Common", "{DF724EF9-BB34-423B-AC48-A16E0F9A3A3F}"
EndProject
Project("{FAE04EC0-301F-11D3-BF4B-00C04F79EFBC}") = "Common.Domain", "Common\Common.Domain\Common.Domain.csproj", "{90537359-87B4-4D39-A7F6-42BBB286D2B4}"
EndProject
Global
	GlobalSection(SolutionConfigurationPlatforms) = preSolution
		Debug|Any CPU = Debug|Any CPU
		Release|Any CPU = Release|Any CPU
	EndGlobalSection
	GlobalSection(ProjectConfigurationPlatforms) = postSolution
		{AF387F84-4613-48F9-8A5E-E73B95687D57}.Debug|Any CPU.ActiveCfg = Debug|Any CPU
		{AF387F84-4613-48F9-8A5E-E73B95687D57}.Debug|Any CPU.Build.0 = Debug|Any CPU
		{AF387F84-4613-48F9-8A5E-E73B95687D57}.Release|Any CPU.ActiveCfg = Release|Any CPU
		{AF387F84-4613-48F9-8A5E-E73B95687D57}.Release|Any CPU.Build.0 = Release|Any CPU
		{D0673BAF-8C7B-4731-B34C-0031DD80F2E0}.Debug|Any CPU.ActiveCfg = Debug|Any CPU
		{D0673BAF-8C7B-4731-B34C-0031DD80F2E0}.Debug|Any CPU.Build.0 = Debug|Any CPU
		{D0673BAF-8C7B-4731-B34C-0031DD80F2E0}.Release|Any CPU.ActiveCfg = Release|Any CPU
		{D0673BAF-8C7B-4731-B34C-0031DD80F2E0}.Release|Any CPU.Build.0 = Release|Any CPU
		{226F14F9-D8C2-43DF-9AC2-B5C89EC2B397}.Debug|Any CPU.ActiveCfg = Debug|Any CPU
		{226F14F9-D8C2-43DF-9AC2-B5C89EC2B397}.Debug|Any CPU.Build.0 = Debug|Any CPU
		{226F14F9-D8C2-43DF-9AC2-B5C89EC2B397}.Release|Any CPU.ActiveCfg = Release|Any CPU
		{226F14F9-D8C2-43DF-9AC2-B5C89EC2B397}.Release|Any CPU.Build.0 = Release|Any CPU
		{E7F4EC3E-D1EC-4260-B1F4-C56F0CC54199}.Debug|Any CPU.ActiveCfg = Debug|Any CPU
		{E7F4EC3E-D1EC-4260-B1F4-C56F0CC54199}.Debug|Any CPU.Build.0 = Debug|Any CPU
		{E7F4EC3E-D1EC-4260-B1F4-C56F0CC54199}.Release|Any CPU.ActiveCfg = Release|Any CPU
		{E7F4EC3E-D1EC-4260-B1F4-C56F0CC54199}.Release|Any CPU.Build.0 = Release|Any CPU
		{464DD84C-02BD-447B-A5B2-AE3C4DD1067C}.Debug|Any CPU.ActiveCfg = Debug|Any CPU
		{464DD84C-02BD-447B-A5B2-AE3C4DD1067C}.Debug|Any CPU.Build.0 = Debug|Any CPU
		{464DD84C-02BD-447B-A5B2-AE3C4DD1067C}.Release|Any CPU.ActiveCfg = Release|Any CPU
		{464DD84C-02BD-447B-A5B2-AE3C4DD1067C}.Release|Any CPU.Build.0 = Release|Any CPU
		{90537359-87B4-4D39-A7F6-42BBB286D2B4}.Debug|Any CPU.ActiveCfg = Debug|Any CPU
		{90537359-87B4-4D39-A7F6-42BBB286D2B4}.Debug|Any CPU.Build.0 = Debug|Any CPU
		{90537359-87B4-4D39-A7F6-42BBB286D2B4}.Release|Any CPU.ActiveCfg = Release|Any CPU
		{90537359-87B4-4D39-A7F6-42BBB286D2B4}.Release|Any CPU.Build.0 = Release|Any CPU
	EndGlobalSection
	GlobalSection(SolutionProperties) = preSolution
		HideSolutionNode = FALSE
	EndGlobalSection
	GlobalSection(NestedProjects) = preSolution
		{AF387F84-4613-48F9-8A5E-E73B95687D57} = {CC6C896B-B704-4755-A481-601C5AB50DF7}
		{D0673BAF-8C7B-4731-B34C-0031DD80F2E0} = {CC6C896B-B704-4755-A481-601C5AB50DF7}
		{226F14F9-D8C2-43DF-9AC2-B5C89EC2B397} = {CC6C896B-B704-4755-A481-601C5AB50DF7}
		{E7F4EC3E-D1EC-4260-B1F4-C56F0CC54199} = {CC6C896B-B704-4755-A481-601C5AB50DF7}
		{464DD84C-02BD-447B-A5B2-AE3C4DD1067C} = {CC6C896B-B704-4755-A481-601C5AB50DF7}
		{90537359-87B4-4D39-A7F6-42BBB286D2B4} = {DF724EF9-BB34-423B-AC48-A16E0F9A3A3F}
	EndGlobalSection
EndGlobal
